// !$*UTF8*$!
{
	archiveVersion = 1;
	classes = {
	};
	objectVersion = 46;
	objects = {

/* Begin PBXBuildFile section */
		EB52FF2C1DBCF6AA00F97D2B /* BundleLoader.swift in Sources */ = {isa = PBXBuildFile; fileRef = EB52FF2B1DBCF6AA00F97D2B /* BundleLoader.swift */; };
		EB76C5B01DB5873B0014B8D5 /* TvOSMoreButton.framework in Frameworks */ = {isa = PBXBuildFile; fileRef = EB76C5A61DB5873B0014B8D5 /* TvOSMoreButton.framework */; };
		EB88B1FE1E86F6EC00CBAB27 /* Localizable.strings in Resources */ = {isa = PBXBuildFile; fileRef = EB88B2001E86F6EC00CBAB27 /* Localizable.strings */; };
		EBA6991E1DB938C700D1818C /* LocalizedStrings.swift in Sources */ = {isa = PBXBuildFile; fileRef = EBA699141DB938C700D1818C /* LocalizedStrings.swift */; };
		EBA6991F1DB938C700D1818C /* String+Truncation.swift in Sources */ = {isa = PBXBuildFile; fileRef = EBA699151DB938C700D1818C /* String+Truncation.swift */; };
		EBA699201DB938C700D1818C /* UIView+Autolayout.swift in Sources */ = {isa = PBXBuildFile; fileRef = EBA699161DB938C700D1818C /* UIView+Autolayout.swift */; };
		EBA699221DB938C700D1818C /* TvOSMoreButton.swift in Sources */ = {isa = PBXBuildFile; fileRef = EBA6991B1DB938C700D1818C /* TvOSMoreButton.swift */; };
		EBA699281DB93A5A00D1818C /* TvOSMoreButton.h in Headers */ = {isa = PBXBuildFile; fileRef = EBA699101DB938C700D1818C /* TvOSMoreButton.h */; settings = {ATTRIBUTES = (Public, ); }; };
/* End PBXBuildFile section */

/* Begin PBXContainerItemProxy section */
		EB76C5B11DB5873B0014B8D5 /* PBXContainerItemProxy */ = {
			isa = PBXContainerItemProxy;
			containerPortal = EB76C59D1DB5873B0014B8D5 /* Project object */;
			proxyType = 1;
			remoteGlobalIDString = EB76C5A51DB5873B0014B8D5;
			remoteInfo = ExpandingDescriptionView;
		};
/* End PBXContainerItemProxy section */

/* Begin PBXFileReference section */
		EB52FF2B1DBCF6AA00F97D2B /* BundleLoader.swift */ = {isa = PBXFileReference; fileEncoding = 4; lastKnownFileType = sourcecode.swift; path = BundleLoader.swift; sourceTree = "<group>"; };
		EB76C5A61DB5873B0014B8D5 /* TvOSMoreButton.framework */ = {isa = PBXFileReference; explicitFileType = wrapper.framework; includeInIndex = 0; path = TvOSMoreButton.framework; sourceTree = BUILT_PRODUCTS_DIR; };
		EB76C5AF1DB5873B0014B8D5 /* TvOSMoreButtonTests.xctest */ = {isa = PBXFileReference; explicitFileType = wrapper.cfbundle; includeInIndex = 0; path = TvOSMoreButtonTests.xctest; sourceTree = BUILT_PRODUCTS_DIR; };
		EB88B1FF1E86F6EC00CBAB27 /* en */ = {isa = PBXFileReference; lastKnownFileType = text.plist.strings; name = en; path = en.lproj/Localizable.strings; sourceTree = "<group>"; };
		EB88B2011E86F70300CBAB27 /* fr */ = {isa = PBXFileReference; lastKnownFileType = text.plist.strings; name = fr; path = fr.lproj/Localizable.strings; sourceTree = "<group>"; };
		EB88B2021E86F70800CBAB27 /* de */ = {isa = PBXFileReference; lastKnownFileType = text.plist.strings; name = de; path = de.lproj/Localizable.strings; sourceTree = "<group>"; };
		EB88B2031E86F71300CBAB27 /* it */ = {isa = PBXFileReference; lastKnownFileType = text.plist.strings; name = it; path = it.lproj/Localizable.strings; sourceTree = "<group>"; };
		EB88B2041E86F72100CBAB27 /* es */ = {isa = PBXFileReference; lastKnownFileType = text.plist.strings; name = es; path = es.lproj/Localizable.strings; sourceTree = "<group>"; };
		EBA699101DB938C700D1818C /* TvOSMoreButton.h */ = {isa = PBXFileReference; fileEncoding = 4; lastKnownFileType = sourcecode.c.h; path = TvOSMoreButton.h; sourceTree = "<group>"; };
		EBA699111DB938C700D1818C /* Info.plist */ = {isa = PBXFileReference; fileEncoding = 4; lastKnownFileType = text.plist.xml; path = Info.plist; sourceTree = "<group>"; };
		EBA699141DB938C700D1818C /* LocalizedStrings.swift */ = {isa = PBXFileReference; fileEncoding = 4; lastKnownFileType = sourcecode.swift; path = LocalizedStrings.swift; sourceTree = "<group>"; };
		EBA699151DB938C700D1818C /* String+Truncation.swift */ = {isa = PBXFileReference; fileEncoding = 4; lastKnownFileType = sourcecode.swift; path = "String+Truncation.swift"; sourceTree = "<group>"; };
		EBA699161DB938C700D1818C /* UIView+Autolayout.swift */ = {isa = PBXFileReference; fileEncoding = 4; lastKnownFileType = sourcecode.swift; path = "UIView+Autolayout.swift"; sourceTree = "<group>"; };
		EBA6991B1DB938C700D1818C /* TvOSMoreButton.swift */ = {isa = PBXFileReference; fileEncoding = 4; lastKnownFileType = sourcecode.swift; path = TvOSMoreButton.swift; sourceTree = "<group>"; };
		EBA699251DB938D100D1818C /* Info.plist */ = {isa = PBXFileReference; fileEncoding = 4; lastKnownFileType = text.plist.xml; path = Info.plist; sourceTree = "<group>"; };
		EBAD63A41EAD70E00007B48B /* ja */ = {isa = PBXFileReference; lastKnownFileType = text.plist.strings; name = ja; path = ja.lproj/Localizable.strings; sourceTree = "<group>"; };
		EBAD63A51EAD71B20007B48B /* nb */ = {isa = PBXFileReference; lastKnownFileType = text.plist.strings; name = nb; path = nb.lproj/Localizable.strings; sourceTree = "<group>"; };
		EBAD63A61EAD71E50007B48B /* es-MX */ = {isa = PBXFileReference; lastKnownFileType = text.plist.strings; name = "es-MX"; path = "es-MX.lproj/Localizable.strings"; sourceTree = "<group>"; };
		EBAD63A71EAD72210007B48B /* ru */ = {isa = PBXFileReference; lastKnownFileType = text.plist.strings; name = ru; path = ru.lproj/Localizable.strings; sourceTree = "<group>"; };
		EBAD63A81EAD72B00007B48B /* nl */ = {isa = PBXFileReference; lastKnownFileType = text.plist.strings; name = nl; path = nl.lproj/Localizable.strings; sourceTree = "<group>"; };
/* End PBXFileReference section */

/* Begin PBXFrameworksBuildPhase section */
		EB76C5A21DB5873B0014B8D5 /* Frameworks */ = {
			isa = PBXFrameworksBuildPhase;
			buildActionMask = 2147483647;
			files = (
			);
			runOnlyForDeploymentPostprocessing = 0;
		};
		EB76C5AC1DB5873B0014B8D5 /* Frameworks */ = {
			isa = PBXFrameworksBuildPhase;
			buildActionMask = 2147483647;
			files = (
				EB76C5B01DB5873B0014B8D5 /* TvOSMoreButton.framework in Frameworks */,
			);
			runOnlyForDeploymentPostprocessing = 0;
		};
/* End PBXFrameworksBuildPhase section */

/* Begin PBXGroup section */
		EB76C59C1DB5873B0014B8D5 = {
			isa = PBXGroup;
			children = (
				EBA6990F1DB938C700D1818C /* Source */,
				EBA699231DB938D100D1818C /* Tests */,
				EBA6990E1DB938C700D1818C /* Resources */,
				EB76C5A71DB5873B0014B8D5 /* Products */,
			);
			sourceTree = "<group>";
		};
		EB76C5A71DB5873B0014B8D5 /* Products */ = {
			isa = PBXGroup;
			children = (
				EB76C5A61DB5873B0014B8D5 /* TvOSMoreButton.framework */,
				EB76C5AF1DB5873B0014B8D5 /* TvOSMoreButtonTests.xctest */,
			);
			name = Products;
			sourceTree = "<group>";
		};
		EBA6990E1DB938C700D1818C /* Resources */ = {
			isa = PBXGroup;
			children = (
				EB88B2001E86F6EC00CBAB27 /* Localizable.strings */,
			);
			path = Resources;
			sourceTree = "<group>";
		};
		EBA6990F1DB938C700D1818C /* Source */ = {
			isa = PBXGroup;
			children = (
				EBA699191DB938C700D1818C /* Public */,
				EBA699121DB938C700D1818C /* Private */,
				EBA699101DB938C700D1818C /* TvOSMoreButton.h */,
				EBA699111DB938C700D1818C /* Info.plist */,
			);
			path = Source;
			sourceTree = "<group>";
		};
		EBA699121DB938C700D1818C /* Private */ = {
			isa = PBXGroup;
			children = (
				EBA699131DB938C700D1818C /* Helpers */,
			);
			path = Private;
			sourceTree = "<group>";
		};
		EBA699131DB938C700D1818C /* Helpers */ = {
			isa = PBXGroup;
			children = (
				EB52FF2B1DBCF6AA00F97D2B /* BundleLoader.swift */,
				EBA699141DB938C700D1818C /* LocalizedStrings.swift */,
				EBA699151DB938C700D1818C /* String+Truncation.swift */,
				EBA699161DB938C700D1818C /* UIView+Autolayout.swift */,
			);
			path = Helpers;
			sourceTree = "<group>";
		};
		EBA699191DB938C700D1818C /* Public */ = {
			isa = PBXGroup;
			children = (
				EBA6991A1DB938C700D1818C /* Views */,
			);
			path = Public;
			sourceTree = "<group>";
		};
		EBA6991A1DB938C700D1818C /* Views */ = {
			isa = PBXGroup;
			children = (
				EBA6991B1DB938C700D1818C /* TvOSMoreButton.swift */,
			);
			path = Views;
			sourceTree = "<group>";
		};
		EBA699231DB938D100D1818C /* Tests */ = {
			isa = PBXGroup;
			children = (
				EBA699251DB938D100D1818C /* Info.plist */,
			);
			path = Tests;
			sourceTree = "<group>";
		};
/* End PBXGroup section */

/* Begin PBXHeadersBuildPhase section */
		EB76C5A31DB5873B0014B8D5 /* Headers */ = {
			isa = PBXHeadersBuildPhase;
			buildActionMask = 2147483647;
			files = (
				EBA699281DB93A5A00D1818C /* TvOSMoreButton.h in Headers */,
			);
			runOnlyForDeploymentPostprocessing = 0;
		};
/* End PBXHeadersBuildPhase section */

/* Begin PBXNativeTarget section */
		EB76C5A51DB5873B0014B8D5 /* TvOSMoreButton */ = {
			isa = PBXNativeTarget;
			buildConfigurationList = EB76C5BA1DB5873B0014B8D5 /* Build configuration list for PBXNativeTarget "TvOSMoreButton" */;
			buildPhases = (
				EBEACC9C1E7158690075CBD3 /* [TvOSMoreButton] Linter */,
				EB76C5A11DB5873B0014B8D5 /* Sources */,
				EB76C5A21DB5873B0014B8D5 /* Frameworks */,
				EB76C5A31DB5873B0014B8D5 /* Headers */,
				EB76C5A41DB5873B0014B8D5 /* Resources */,
			);
			buildRules = (
			);
			dependencies = (
			);
			name = TvOSMoreButton;
			productName = ExpandingDescriptionView;
			productReference = EB76C5A61DB5873B0014B8D5 /* TvOSMoreButton.framework */;
			productType = "com.apple.product-type.framework";
		};
		EB76C5AE1DB5873B0014B8D5 /* TvOSMoreButtonTests */ = {
			isa = PBXNativeTarget;
			buildConfigurationList = EB76C5BD1DB5873B0014B8D5 /* Build configuration list for PBXNativeTarget "TvOSMoreButtonTests" */;
			buildPhases = (
				EBEACC9D1E7158A20075CBD3 /* [TvOSMoreButton] Linter */,
				EB76C5AB1DB5873B0014B8D5 /* Sources */,
				EB76C5AC1DB5873B0014B8D5 /* Frameworks */,
				EB76C5AD1DB5873B0014B8D5 /* Resources */,
			);
			buildRules = (
			);
			dependencies = (
				EB76C5B21DB5873B0014B8D5 /* PBXTargetDependency */,
			);
			name = TvOSMoreButtonTests;
			productName = ExpandingDescriptionViewTests;
			productReference = EB76C5AF1DB5873B0014B8D5 /* TvOSMoreButtonTests.xctest */;
			productType = "com.apple.product-type.bundle.unit-test";
		};
/* End PBXNativeTarget section */

/* Begin PBXProject section */
		EB76C59D1DB5873B0014B8D5 /* Project object */ = {
			isa = PBXProject;
			attributes = {
				LastSwiftUpdateCheck = 0800;
				LastUpgradeCheck = 0930;
				ORGANIZATIONNAME = "Christopher Goldsby";
				TargetAttributes = {
					EB76C5A51DB5873B0014B8D5 = {
						CreatedOnToolsVersion = 8.0;
						LastSwiftMigration = 0900;
						ProvisioningStyle = Manual;
					};
					EB76C5AE1DB5873B0014B8D5 = {
						CreatedOnToolsVersion = 8.0;
						LastSwiftMigration = 0820;
						ProvisioningStyle = Manual;
					};
				};
			};
			buildConfigurationList = EB76C5A01DB5873B0014B8D5 /* Build configuration list for PBXProject "TvOSMoreButton" */;
			compatibilityVersion = "Xcode 3.2";
			developmentRegion = English;
			hasScannedForEncodings = 0;
			knownRegions = (
				en,
				fr,
				de,
				it,
				es,
				ja,
				nb,
				"es-MX",
				ru,
				nl,
			);
			mainGroup = EB76C59C1DB5873B0014B8D5;
			productRefGroup = EB76C5A71DB5873B0014B8D5 /* Products */;
			projectDirPath = "";
			projectRoot = "";
			targets = (
				EB76C5A51DB5873B0014B8D5 /* TvOSMoreButton */,
				EB76C5AE1DB5873B0014B8D5 /* TvOSMoreButtonTests */,
			);
		};
/* End PBXProject section */

/* Begin PBXResourcesBuildPhase section */
		EB76C5A41DB5873B0014B8D5 /* Resources */ = {
			isa = PBXResourcesBuildPhase;
			buildActionMask = 2147483647;
			files = (
				EB88B1FE1E86F6EC00CBAB27 /* Localizable.strings in Resources */,
			);
			runOnlyForDeploymentPostprocessing = 0;
		};
		EB76C5AD1DB5873B0014B8D5 /* Resources */ = {
			isa = PBXResourcesBuildPhase;
			buildActionMask = 2147483647;
			files = (
			);
			runOnlyForDeploymentPostprocessing = 0;
		};
/* End PBXResourcesBuildPhase section */

/* Begin PBXShellScriptBuildPhase section */
		EBEACC9C1E7158690075CBD3 /* [TvOSMoreButton] Linter */ = {
			isa = PBXShellScriptBuildPhase;
			buildActionMask = 2147483647;
			files = (
			);
			inputPaths = (
			);
			name = "[TvOSMoreButton] Linter";
			outputPaths = (
			);
			runOnlyForDeploymentPostprocessing = 0;
			shellPath = /bin/sh;
			shellScript = "if which swiftlint >/dev/null; then\n    swiftlint\nelse\n    echo \"warning: SwiftLint not installed, download from https://github.com/realm/SwiftLint or `brew install swiftlint`\"\nfi";
		};
		EBEACC9D1E7158A20075CBD3 /* [TvOSMoreButton] Linter */ = {
			isa = PBXShellScriptBuildPhase;
			buildActionMask = 2147483647;
			files = (
			);
			inputPaths = (
			);
			name = "[TvOSMoreButton] Linter";
			outputPaths = (
			);
			runOnlyForDeploymentPostprocessing = 0;
			shellPath = /bin/sh;
			shellScript = "if which swiftlint >/dev/null; then\n    swiftlint\nelse\n    echo \"warning: SwiftLint not installed, download from https://github.com/realm/SwiftLint\"\nfi";
		};
/* End PBXShellScriptBuildPhase section */

/* Begin PBXSourcesBuildPhase section */
		EB76C5A11DB5873B0014B8D5 /* Sources */ = {
			isa = PBXSourcesBuildPhase;
			buildActionMask = 2147483647;
			files = (
				EB52FF2C1DBCF6AA00F97D2B /* BundleLoader.swift in Sources */,
				EBA6991E1DB938C700D1818C /* LocalizedStrings.swift in Sources */,
				EBA699221DB938C700D1818C /* TvOSMoreButton.swift in Sources */,
				EBA699201DB938C700D1818C /* UIView+Autolayout.swift in Sources */,
				EBA6991F1DB938C700D1818C /* String+Truncation.swift in Sources */,
			);
			runOnlyForDeploymentPostprocessing = 0;
		};
		EB76C5AB1DB5873B0014B8D5 /* Sources */ = {
			isa = PBXSourcesBuildPhase;
			buildActionMask = 2147483647;
			files = (
			);
			runOnlyForDeploymentPostprocessing = 0;
		};
/* End PBXSourcesBuildPhase section */

/* Begin PBXTargetDependency section */
		EB76C5B21DB5873B0014B8D5 /* PBXTargetDependency */ = {
			isa = PBXTargetDependency;
			target = EB76C5A51DB5873B0014B8D5 /* TvOSMoreButton */;
			targetProxy = EB76C5B11DB5873B0014B8D5 /* PBXContainerItemProxy */;
		};
/* End PBXTargetDependency section */

/* Begin PBXVariantGroup section */
		EB88B2001E86F6EC00CBAB27 /* Localizable.strings */ = {
			isa = PBXVariantGroup;
			children = (
				EB88B1FF1E86F6EC00CBAB27 /* en */,
				EB88B2011E86F70300CBAB27 /* fr */,
				EB88B2021E86F70800CBAB27 /* de */,
				EB88B2031E86F71300CBAB27 /* it */,
				EB88B2041E86F72100CBAB27 /* es */,
				EBAD63A41EAD70E00007B48B /* ja */,
				EBAD63A51EAD71B20007B48B /* nb */,
				EBAD63A61EAD71E50007B48B /* es-MX */,
				EBAD63A71EAD72210007B48B /* ru */,
				EBAD63A81EAD72B00007B48B /* nl */,
			);
			name = Localizable.strings;
			sourceTree = "<group>";
		};
/* End PBXVariantGroup section */

/* Begin XCBuildConfiguration section */
		EB76C5B81DB5873B0014B8D5 /* Debug */ = {
			isa = XCBuildConfiguration;
			buildSettings = {
				ALWAYS_SEARCH_USER_PATHS = NO;
				CLANG_ANALYZER_LOCALIZABILITY_NONLOCALIZED = YES;
				CLANG_ANALYZER_NONNULL = YES;
				CLANG_CXX_LANGUAGE_STANDARD = "gnu++0x";
				CLANG_CXX_LIBRARY = "libc++";
				CLANG_ENABLE_MODULES = YES;
				CLANG_ENABLE_OBJC_ARC = YES;
				CLANG_WARN_BLOCK_CAPTURE_AUTORELEASING = YES;
				CLANG_WARN_BOOL_CONVERSION = YES;
				CLANG_WARN_COMMA = YES;
				CLANG_WARN_CONSTANT_CONVERSION = YES;
				CLANG_WARN_DEPRECATED_OBJC_IMPLEMENTATIONS = YES;
				CLANG_WARN_DIRECT_OBJC_ISA_USAGE = YES_ERROR;
				CLANG_WARN_DOCUMENTATION_COMMENTS = YES;
				CLANG_WARN_EMPTY_BODY = YES;
				CLANG_WARN_ENUM_CONVERSION = YES;
				CLANG_WARN_INFINITE_RECURSION = YES;
				CLANG_WARN_INT_CONVERSION = YES;
				CLANG_WARN_NON_LITERAL_NULL_CONVERSION = YES;
				CLANG_WARN_OBJC_IMPLICIT_RETAIN_SELF = YES;
				CLANG_WARN_OBJC_LITERAL_CONVERSION = YES;
				CLANG_WARN_OBJC_ROOT_CLASS = YES_ERROR;
				CLANG_WARN_RANGE_LOOP_ANALYSIS = YES;
				CLANG_WARN_STRICT_PROTOTYPES = YES;
				CLANG_WARN_SUSPICIOUS_MOVE = YES;
				CLANG_WARN_SUSPICIOUS_MOVES = YES;
				CLANG_WARN_UNREACHABLE_CODE = YES;
				CLANG_WARN__DUPLICATE_METHOD_MATCH = YES;
				COPY_PHASE_STRIP = NO;
				CURRENT_PROJECT_VERSION = 1;
				DEBUG_INFORMATION_FORMAT = dwarf;
				ENABLE_STRICT_OBJC_MSGSEND = YES;
				ENABLE_TESTABILITY = YES;
				GCC_C_LANGUAGE_STANDARD = gnu99;
				GCC_DYNAMIC_NO_PIC = NO;
				GCC_NO_COMMON_BLOCKS = YES;
				GCC_OPTIMIZATION_LEVEL = 0;
				GCC_PREPROCESSOR_DEFINITIONS = (
					"DEBUG=1",
					"$(inherited)",
				);
				GCC_WARN_64_TO_32_BIT_CONVERSION = YES;
				GCC_WARN_ABOUT_RETURN_TYPE = YES_ERROR;
				GCC_WARN_UNDECLARED_SELECTOR = YES;
				GCC_WARN_UNINITIALIZED_AUTOS = YES_AGGRESSIVE;
				GCC_WARN_UNUSED_FUNCTION = YES;
				GCC_WARN_UNUSED_VARIABLE = YES;
				MTL_ENABLE_DEBUG_INFO = YES;
				ONLY_ACTIVE_ARCH = YES;
				SDKROOT = appletvos;
				SWIFT_ACTIVE_COMPILATION_CONDITIONS = DEBUG;
				SWIFT_OPTIMIZATION_LEVEL = "-Onone";
				TARGETED_DEVICE_FAMILY = 3;
				TVOS_DEPLOYMENT_TARGET = 10.0;
				VERSIONING_SYSTEM = "apple-generic";
				VERSION_INFO_PREFIX = "";
			};
			name = Debug;
		};
		EB76C5B91DB5873B0014B8D5 /* Release */ = {
			isa = XCBuildConfiguration;
			buildSettings = {
				ALWAYS_SEARCH_USER_PATHS = NO;
				CLANG_ANALYZER_LOCALIZABILITY_NONLOCALIZED = YES;
				CLANG_ANALYZER_NONNULL = YES;
				CLANG_CXX_LANGUAGE_STANDARD = "gnu++0x";
				CLANG_CXX_LIBRARY = "libc++";
				CLANG_ENABLE_MODULES = YES;
				CLANG_ENABLE_OBJC_ARC = YES;
				CLANG_WARN_BLOCK_CAPTURE_AUTORELEASING = YES;
				CLANG_WARN_BOOL_CONVERSION = YES;
				CLANG_WARN_COMMA = YES;
				CLANG_WARN_CONSTANT_CONVERSION = YES;
				CLANG_WARN_DEPRECATED_OBJC_IMPLEMENTATIONS = YES;
				CLANG_WARN_DIRECT_OBJC_ISA_USAGE = YES_ERROR;
				CLANG_WARN_DOCUMENTATION_COMMENTS = YES;
				CLANG_WARN_EMPTY_BODY = YES;
				CLANG_WARN_ENUM_CONVERSION = YES;
				CLANG_WARN_INFINITE_RECURSION = YES;
				CLANG_WARN_INT_CONVERSION = YES;
				CLANG_WARN_NON_LITERAL_NULL_CONVERSION = YES;
				CLANG_WARN_OBJC_IMPLICIT_RETAIN_SELF = YES;
				CLANG_WARN_OBJC_LITERAL_CONVERSION = YES;
				CLANG_WARN_OBJC_ROOT_CLASS = YES_ERROR;
				CLANG_WARN_RANGE_LOOP_ANALYSIS = YES;
				CLANG_WARN_STRICT_PROTOTYPES = YES;
				CLANG_WARN_SUSPICIOUS_MOVE = YES;
				CLANG_WARN_SUSPICIOUS_MOVES = YES;
				CLANG_WARN_UNREACHABLE_CODE = YES;
				CLANG_WARN__DUPLICATE_METHOD_MATCH = YES;
				COPY_PHASE_STRIP = NO;
				CURRENT_PROJECT_VERSION = 1;
				DEBUG_INFORMATION_FORMAT = "dwarf-with-dsym";
				ENABLE_NS_ASSERTIONS = NO;
				ENABLE_STRICT_OBJC_MSGSEND = YES;
				GCC_C_LANGUAGE_STANDARD = gnu99;
				GCC_NO_COMMON_BLOCKS = YES;
				GCC_WARN_64_TO_32_BIT_CONVERSION = YES;
				GCC_WARN_ABOUT_RETURN_TYPE = YES_ERROR;
				GCC_WARN_UNDECLARED_SELECTOR = YES;
				GCC_WARN_UNINITIALIZED_AUTOS = YES_AGGRESSIVE;
				GCC_WARN_UNUSED_FUNCTION = YES;
				GCC_WARN_UNUSED_VARIABLE = YES;
				MTL_ENABLE_DEBUG_INFO = NO;
				SDKROOT = appletvos;
				SWIFT_OPTIMIZATION_LEVEL = "-Owholemodule";
				TARGETED_DEVICE_FAMILY = 3;
				TVOS_DEPLOYMENT_TARGET = 10.0;
				VALIDATE_PRODUCT = YES;
				VERSIONING_SYSTEM = "apple-generic";
				VERSION_INFO_PREFIX = "";
			};
			name = Release;
		};
		EB76C5BB1DB5873B0014B8D5 /* Debug */ = {
			isa = XCBuildConfiguration;
			buildSettings = {
				CLANG_ENABLE_MODULES = YES;
				CODE_SIGN_IDENTITY = "";
				DEFINES_MODULE = YES;
				DEVELOPMENT_TEAM = "";
				DYLIB_COMPATIBILITY_VERSION = 1;
				DYLIB_CURRENT_VERSION = 1;
				DYLIB_INSTALL_NAME_BASE = "@rpath";
				INFOPLIST_FILE = Source/Info.plist;
				INSTALL_PATH = "$(LOCAL_LIBRARY_DIR)/Frameworks";
				LD_RUNPATH_SEARCH_PATHS = "$(inherited) @executable_path/Frameworks @loader_path/Frameworks";
				PRODUCT_BUNDLE_IDENTIFIER = com.cgoldsby.TvOSMoreButton;
				PRODUCT_NAME = "$(TARGET_NAME)";
				SKIP_INSTALL = YES;
				SWIFT_OPTIMIZATION_LEVEL = "-Onone";
				SWIFT_SWIFT3_OBJC_INFERENCE = Default;
				SWIFT_VERSION = 4.0;
			};
			name = Debug;
		};
		EB76C5BC1DB5873B0014B8D5 /* Release */ = {
			isa = XCBuildConfiguration;
			buildSettings = {
				CLANG_ENABLE_MODULES = YES;
				CODE_SIGN_IDENTITY = "";
				DEFINES_MODULE = YES;
				DEVELOPMENT_TEAM = "";
				DYLIB_COMPATIBILITY_VERSION = 1;
				DYLIB_CURRENT_VERSION = 1;
				DYLIB_INSTALL_NAME_BASE = "@rpath";
				INFOPLIST_FILE = Source/Info.plist;
				INSTALL_PATH = "$(LOCAL_LIBRARY_DIR)/Frameworks";
				LD_RUNPATH_SEARCH_PATHS = "$(inherited) @executable_path/Frameworks @loader_path/Frameworks";
				PRODUCT_BUNDLE_IDENTIFIER = com.cgoldsby.TvOSMoreButton;
				PRODUCT_NAME = "$(TARGET_NAME)";
				SKIP_INSTALL = YES;
				SWIFT_SWIFT3_OBJC_INFERENCE = Default;
				SWIFT_VERSION = 4.0;
			};
			name = Release;
		};
		EB76C5BE1DB5873B0014B8D5 /* Debug */ = {
			isa = XCBuildConfiguration;
			buildSettings = {
				ALWAYS_EMBED_SWIFT_STANDARD_LIBRARIES = YES;
				CLANG_ENABLE_MODULES = YES;
				DEVELOPMENT_TEAM = "";
				INFOPLIST_FILE = Tests/Info.plist;
				LD_RUNPATH_SEARCH_PATHS = "$(inherited) @executable_path/Frameworks @loader_path/Frameworks";
				PRODUCT_BUNDLE_IDENTIFIER = com.cgoldsby.TvOSMoreButtonTests;
				PRODUCT_NAME = "$(TARGET_NAME)";
				SWIFT_OPTIMIZATION_LEVEL = "-Onone";
			};
			name = Debug;
		};
		EB76C5BF1DB5873B0014B8D5 /* Release */ = {
			isa = XCBuildConfiguration;
			buildSettings = {
				ALWAYS_EMBED_SWIFT_STANDARD_LIBRARIES = YES;
				CLANG_ENABLE_MODULES = YES;
				DEVELOPMENT_TEAM = "";
				INFOPLIST_FILE = Tests/Info.plist;
				LD_RUNPATH_SEARCH_PATHS = "$(inherited) @executable_path/Frameworks @loader_path/Frameworks";
				PRODUCT_BUNDLE_IDENTIFIER = com.cgoldsby.TvOSMoreButtonTests;
				PRODUCT_NAME = "$(TARGET_NAME)";
			};
			name = Release;
		};
/* End XCBuildConfiguration section */

/* Begin XCConfigurationList section */
		EB76C5A01DB5873B0014B8D5 /* Build configuration list for PBXProject "TvOSMoreButton" */ = {
			isa = XCConfigurationList;
			buildConfigurations = (
				EB76C5B81DB5873B0014B8D5 /* Debug */,
				EB76C5B91DB5873B0014B8D5 /* Release */,
			);
			defaultConfigurationIsVisible = 0;
			defaultConfigurationName = Release;
		};
		EB76C5BA1DB5873B0014B8D5 /* Build configuration list for PBXNativeTarget "TvOSMoreButton" */ = {
			isa = XCConfigurationList;
			buildConfigurations = (
				EB76C5BB1DB5873B0014B8D5 /* Debug */,
				EB76C5BC1DB5873B0014B8D5 /* Release */,
			);
			defaultConfigurationIsVisible = 0;
			defaultConfigurationName = Release;
		};
		EB76C5BD1DB5873B0014B8D5 /* Build configuration list for PBXNativeTarget "TvOSMoreButtonTests" */ = {
			isa = XCConfigurationList;
			buildConfigurations = (
				EB76C5BE1DB5873B0014B8D5 /* Debug */,
				EB76C5BF1DB5873B0014B8D5 /* Release */,
			);
			defaultConfigurationIsVisible = 0;
			defaultConfigurationName = Release;
		};
/* End XCConfigurationList section */
	};
	rootObject = EB76C59D1DB5873B0014B8D5 /* Project object */;
}
