PODS:
  - TvOSMoreButton (1.2.3)
  - TvOSTextViewer (1.2.0)

DEPENDENCIES:
  - TvOSMoreButton (from `..`)
  - TvOSTextViewer

SPEC REPOS:
  https://github.com/cocoapods/specs.git:
    - TvOSTextViewer

EXTERNAL SOURCES:
  TvOSMoreButton:
    :path: ".."

SPEC CHECKSUMS:
  TvOSMoreButton: d6e52eb3e114ef8bc91ca5813490dc163075b1da
  TvOSTextViewer: a8403c9a7a312e6fe3b18b7e82839e7d8697a326

PODFILE CHECKSUM: ba4e8deecd5173b1fb94e874cbc1d1167ce84843

COCOAPODS: 1.5.3
