PODS:
  - ExpandingDescriptionView (0.0.2)

DEPENDENCIES:
  - ExpandingDescriptionView (from `..`)

EXTERNAL SOURCES:
  ExpandingDescriptionView:
    :path: ".."

SPEC CHECKSUMS:
  ExpandingDescriptionView: d6c7ec51d8f9abc278efb951547224ee2a0ce711

PODFILE CHECKSUM: 417bb2b90bfc78fa65452d7d5e49efa551ec0d3f

COCOAPODS: 1.1.1
