PODS:
  - TvOSMoreButton (1.1.1)
  - TvOSTextViewer (1.1.1)

DEPENDENCIES:
  - TvOSMoreButton (from `..`)
  - TvOSTextViewer

SPEC REPOS:
  https://github.com/CocoaPods/Specs.git:
    - TvOSTextViewer

EXTERNAL SOURCES:
  TvOSMoreButton:
    :path: ".."

SPEC CHECKSUMS:
  TvOSMoreButton: 160649b4f722e7c4a3f97eeaf7840f23dcfcb4df
  TvOSTextViewer: e369c08f6ba3c021aa6b25aa7a948a9561984006

PODFILE CHECKSUM: 8db7f68b2b9fbe2c4836160ef83696b0845e4a1f

COCOAPODS: 1.5.0
