PODS:
  - SnapshotTesting (1.5.0)

DEPENDENCIES:
  - SnapshotTesting (~> 1.5)

SPEC REPOS:
  https://github.com/cocoapods/specs.git:
    - SnapshotTesting

SPEC CHECKSUMS:
  SnapshotTesting: 9ca1d80f6322509a035856170c11d0571b1f7171

PODFILE CHECKSUM: eeaddd84d4bd01164fb44f56cdf3aa64e5c87231

COCOAPODS: 1.5.3
